// !$*UTF8*$!
{
	archiveVersion = 1;
	classes = {
	};
	objectVersion = 56;
	objects = {
		8D7C9A012B2C3E1000E234A9 /* SOLVYApp.swift */ = {
			isa = PBXFileReference;
			lastKnownFileType = sourcecode.swift;
			path = SOLVYApp.swift;
			sourceTree = "<group>";
		};
		8D7C9A022B2C3E1000E234A9 /* ContentView.swift */ = {
			isa = PBXFileReference;
			lastKnownFileType = sourcecode.swift;
			path = ContentView.swift;
			sourceTree = "<group>";
		};
		8D7C9A032B2C3E1000E234A9 /* Assets.xcassets */ = {
			isa = PBXFileReference;
			lastKnownFileType = folder.assetcatalog;
			path = Assets.xcassets;
			sourceTree = "<group>";
		};
		8D7C9A042B2C3E1000E234A9 /* Info.plist */ = {
			isa = PBXFileReference;
			lastKnownFileType = text.plist.xml;
			path = Info.plist;
			sourceTree = "<group>";
		};
	};
	rootObject = 8D7C9A002B2C3E1000E234A9 /* Project object */;
}
